{
    "default": {
        "crayons": "==0.1.2",
        "SQLAlchemy": "==1.1.6",
        "requests": "==2.13.0",
        "blindspin": "==2.0.1",
        "pytest-cov": "==2.4.0",
        "PyYAML": "==3.12",
        "packaging": "==16.8",
        "webdriver-manager": "==1.4.5",
        "colorama": "==0.3.7",
        "coverage": "==4.3.4",
        "pyparsing": "==2.2.0",
        "resumable-urlretrieve": "==0.1.5",
        "docker-pycreds": "==0.2.1",
        "configparser": "==3.5.0",
        "virtualenv": "==15.1.0",
        "wrapt": "==1.10.10",
        "pipenv": "==3.5.4",
        "pythonz-bd": "==1.11.4",
        "psycopg2": "==2.7.1",
        "virtualenv-clone": "==0.2.6",
        "pew": "==0.1.26",
        "selenium": "==3.3.1",
        "PyMySQL": "==0.7.10",
        "six": "==1.10.0",
        "asciinema": "==1.3.0",
        "pytest": "==3.0.7",
        "py": "==1.4.33",
        "docker": "==2.1.0",
        "pymongo": "==3.4.0",
        "websocket-client": "==0.40.0"
    },
    "develop": {
        "crayons": "==0.1.2",
        "pew": "==0.1.26",
        "blindspin": "==2.0.1",
        "selenium": "==3.3.1",
        "PyYAML": "==3.12",
        "packaging": "==16.8",
        "webdriver-manager": "==1.4.5",
        "SQLAlchemy": "==1.1.6",
        "colorama": "==0.3.7",
        "coverage": "==4.3.4",
        "pyparsing": "==2.2.0",
        "docker": "==2.1.0",
        "configparser": "==3.5.0",
        "virtualenv": "==15.1.0",
        "resumable-urlretrieve": "==0.1.5",
        "pipenv": "==3.5.4",
        "asciinema": "==1.3.0",
        "psycopg2": "==2.7.1",
        "virtualenv-clone": "==0.2.6",
        "py": "==1.4.33",
        "pytest-cov": "==2.4.0",
        "PyMySQL": "==0.7.10",
        "docker-pycreds": "==0.2.1",
        "six": "==1.10.0",
        "pythonz-bd": "==1.11.4",
        "pytest": "==3.0.7",
        "requests": "==2.13.0",
        "pymongo": "==3.4.0",
        "wrapt": "==1.10.10",
        "websocket-client": "==0.40.0"
    },
    "_meta": {
        "sources": [
            {
                "url": "https://pypi.python.org/simple",
                "verify_ssl": true
            }
        ],
        "requires": {},
        "Pipfile-sha256": "16c9a98abe3d4d47cdd84c149d63fec22aae181137cb4dac71db008fc657b2ae"
    }
}